
Microsoft Visual Studio Solution File, Format Version 12.00
# Visual Studio Version 17
VisualStudioVersion = 17.9.34723.18
MinimumVisualStudioVersion = 10.0.40219.1
Project("{FAE04EC0-301F-11D3-BF4B-00C04F79EFBC}") = "L14_Assignment_CSI120", "L14_Assignment_CSI120.csproj", "{7F399676-AC68-4C7F-A450-655B2ABBD76E}"
EndProject
Global
	GlobalSection(SolutionConfigurationPlatforms) = preSolution
		Debug|Any CPU = Debug|Any CPU
		Release|Any CPU = Release|Any CPU
	EndGlobalSection
	GlobalSection(ProjectConfigurationPlatforms) = postSolution
		{7F399676-AC68-4C7F-A450-655B2ABBD76E}.Debug|Any CPU.ActiveCfg = Debug|Any CPU
		{7F399676-AC68-4C7F-A450-655B2ABBD76E}.Debug|Any CPU.Build.0 = Debug|Any CPU
		{7F399676-AC68-4C7F-A450-655B2ABBD76E}.Release|Any CPU.ActiveCfg = Release|Any CPU
		{7F399676-AC68-4C7F-A450-655B2ABBD76E}.Release|Any CPU.Build.0 = Release|Any CPU
	EndGlobalSection
	GlobalSection(SolutionProperties) = preSolution
		HideSolutionNode = FALSE
	EndGlobalSection
	GlobalSection(ExtensibilityGlobals) = postSolution
		SolutionGuid = {6FD276C0-6327-4B0D-9212-EA84F4468C1F}
	EndGlobalSection
EndGlobal
